
Microsoft Visual Studio Solution File, Format Version 12.00
Project("{FAE04EC0-301F-11D3-BF4B-00C04F79EFBC}") = "DotNetWeatherData", "DotNetWeatherData.csproj", "{38153C2C-01AE-4EA7-A077-E74C645ABDC8}"
EndProject
Global
	GlobalSection(SolutionConfigurationPlatforms) = preSolution
		Debug|Any CPU = Debug|Any CPU
		Release|Any CPU = Release|Any CPU
	EndGlobalSection
	GlobalSection(ProjectConfigurationPlatforms) = postSolution
		{38153C2C-01AE-4EA7-A077-E74C645ABDC8}.Debug|Any CPU.ActiveCfg = Debug|Any CPU
		{38153C2C-01AE-4EA7-A077-E74C645ABDC8}.Debug|Any CPU.Build.0 = Debug|Any CPU
		{38153C2C-01AE-4EA7-A077-E74C645ABDC8}.Release|Any CPU.ActiveCfg = Release|Any CPU
		{38153C2C-01AE-4EA7-A077-E74C645ABDC8}.Release|Any CPU.Build.0 = Release|Any CPU
	EndGlobalSection
EndGlobal
